
Microsoft Visual Studio Solution File, Format Version 12.00
# Visual Studio Version 17
VisualStudioVersion = 17.1.32421.90
MinimumVisualStudioVersion = 10.0.40219.1
Project("{9A19103F-16F7-4668-BE54-9A1E7A4F7556}") = "Assignment", "Assignment\Assignment.csproj", "{917F2A58-5550-4E61-B266-0059E0132F3F}"
EndProject
Project("{9A19103F-16F7-4668-BE54-9A1E7A4F7556}") = "Assignmet.Repository", "Repository\Assignmet.Repository.csproj", "{A2133F1D-13F3-4CF9-B153-E133A867870A}"
EndProject
Project("{FAE04EC0-301F-11D3-BF4B-00C04F79EFBC}") = "Assignmet.Entity.Model", "Assignmet.Entity.Model\Assignmet.Entity.Model.csproj", "{EEF5F183-3D72-4223-B9C1-EC79CF695A55}"
EndProject
Project("{FAE04EC0-301F-11D3-BF4B-00C04F79EFBC}") = "Assignment.Services", "Assignment.Services\Assignment.Services.csproj", "{01F1ED04-B5B6-47EA-8D9D-D11525DA3EA1}"
EndProject
Project("{FAE04EC0-301F-11D3-BF4B-00C04F79EFBC}") = "Assignment.Data", "Assignment.Data\Assignment.Data.csproj", "{D1BA1313-6494-4C11-9F11-8AD4521017F5}"
EndProject
Global
	GlobalSection(SolutionConfigurationPlatforms) = preSolution
		Debug|Any CPU = Debug|Any CPU
		Release|Any CPU = Release|Any CPU
	EndGlobalSection
	GlobalSection(ProjectConfigurationPlatforms) = postSolution
		{917F2A58-5550-4E61-B266-0059E0132F3F}.Debug|Any CPU.ActiveCfg = Debug|Any CPU
		{917F2A58-5550-4E61-B266-0059E0132F3F}.Debug|Any CPU.Build.0 = Debug|Any CPU
		{917F2A58-5550-4E61-B266-0059E0132F3F}.Release|Any CPU.ActiveCfg = Release|Any CPU
		{917F2A58-5550-4E61-B266-0059E0132F3F}.Release|Any CPU.Build.0 = Release|Any CPU
		{A2133F1D-13F3-4CF9-B153-E133A867870A}.Debug|Any CPU.ActiveCfg = Debug|Any CPU
		{A2133F1D-13F3-4CF9-B153-E133A867870A}.Debug|Any CPU.Build.0 = Debug|Any CPU
		{A2133F1D-13F3-4CF9-B153-E133A867870A}.Release|Any CPU.ActiveCfg = Release|Any CPU
		{A2133F1D-13F3-4CF9-B153-E133A867870A}.Release|Any CPU.Build.0 = Release|Any CPU
		{EEF5F183-3D72-4223-B9C1-EC79CF695A55}.Debug|Any CPU.ActiveCfg = Debug|Any CPU
		{EEF5F183-3D72-4223-B9C1-EC79CF695A55}.Debug|Any CPU.Build.0 = Debug|Any CPU
		{EEF5F183-3D72-4223-B9C1-EC79CF695A55}.Release|Any CPU.ActiveCfg = Release|Any CPU
		{EEF5F183-3D72-4223-B9C1-EC79CF695A55}.Release|Any CPU.Build.0 = Release|Any CPU
		{01F1ED04-B5B6-47EA-8D9D-D11525DA3EA1}.Debug|Any CPU.ActiveCfg = Debug|Any CPU
		{01F1ED04-B5B6-47EA-8D9D-D11525DA3EA1}.Debug|Any CPU.Build.0 = Debug|Any CPU
		{01F1ED04-B5B6-47EA-8D9D-D11525DA3EA1}.Release|Any CPU.ActiveCfg = Release|Any CPU
		{01F1ED04-B5B6-47EA-8D9D-D11525DA3EA1}.Release|Any CPU.Build.0 = Release|Any CPU
		{D1BA1313-6494-4C11-9F11-8AD4521017F5}.Debug|Any CPU.ActiveCfg = Debug|Any CPU
		{D1BA1313-6494-4C11-9F11-8AD4521017F5}.Debug|Any CPU.Build.0 = Debug|Any CPU
		{D1BA1313-6494-4C11-9F11-8AD4521017F5}.Release|Any CPU.ActiveCfg = Release|Any CPU
		{D1BA1313-6494-4C11-9F11-8AD4521017F5}.Release|Any CPU.Build.0 = Release|Any CPU
	EndGlobalSection
	GlobalSection(SolutionProperties) = preSolution
		HideSolutionNode = FALSE
	EndGlobalSection
	GlobalSection(ExtensibilityGlobals) = postSolution
		SolutionGuid = {A6D176B0-A2D4-4631-B324-446B96A11DF2}
	EndGlobalSection
EndGlobal
